{
  "requires": true,
  "lockfileVersion": 1,
  "dependencies": {
    "angular-plotly.js": {
      "version": "0.1.14",
      "resolved": "https://registry.npmjs.org/angular-plotly.js/-/angular-plotly.js-0.1.14.tgz",
      "integrity": "sha512-rpatVIRjSJKGIw0ZqArQhJypiHC/H3bwt6jZF21ahbNbUbSFeBJYG99J6lh1H0zptIziaT74I9JlskrpIN034w==",
      "requires": {
        "tslib": "1.9.3"
      }
    },
    "tslib": {
      "version": "1.9.3",
      "resolved": "https://registry.npmjs.org/tslib/-/tslib-1.9.3.tgz",
      "integrity": "sha512-4krF8scpejhaOgqzBEcGM7yDIEfi0/8+8zDRZhNZZ2kjmHJ4hv3zCbQWxoJGz1iw5U0Jl0nma13xzHXcncMavQ=="
    }
  }
}
